
Microsoft Visual Studio Solution File, Format Version 12.00
# Visual Studio Version 16
VisualStudioVersion = 16.0.30413.136
MinimumVisualStudioVersion = 10.0.40219.1
Project("{FAE04EC0-301F-11D3-BF4B-00C04F79EFBC}") = "RK_Saldumi_11", "RK_Saldumi_11\RK_Saldumi_11.csproj", "{BFC7D620-FFED-419D-A674-3246AAE2634D}"
EndProject
Global
	GlobalSection(SolutionConfigurationPlatforms) = preSolution
		Debug|Any CPU = Debug|Any CPU
		Release|Any CPU = Release|Any CPU
	EndGlobalSection
	GlobalSection(ProjectConfigurationPlatforms) = postSolution
		{BFC7D620-FFED-419D-A674-3246AAE2634D}.Debug|Any CPU.ActiveCfg = Debug|Any CPU
		{BFC7D620-FFED-419D-A674-3246AAE2634D}.Debug|Any CPU.Build.0 = Debug|Any CPU
		{BFC7D620-FFED-419D-A674-3246AAE2634D}.Release|Any CPU.ActiveCfg = Release|Any CPU
		{BFC7D620-FFED-419D-A674-3246AAE2634D}.Release|Any CPU.Build.0 = Release|Any CPU
	EndGlobalSection
	GlobalSection(SolutionProperties) = preSolution
		HideSolutionNode = FALSE
	EndGlobalSection
	GlobalSection(ExtensibilityGlobals) = postSolution
		SolutionGuid = {628CB4E2-6A2A-4E13-983E-72C11756C7AB}
	EndGlobalSection
EndGlobal
